// !$*UTF8*$!
{
	archiveVersion = 1;
	classes = {
	};
	objectVersion = 56;
	objects = {

/* Begin PBXBuildFile section */
		843AD68F298AD29B009ECD03 /* IfElseBootcamp.swift in Sources */ = {isa = PBXBuildFile; fileRef = 843AD68E298AD29B009ECD03 /* IfElseBootcamp.swift */; };
		843AD691298AD451009ECD03 /* AnimationBootcamp.swift in Sources */ = {isa = PBXBuildFile; fileRef = 843AD690298AD451009ECD03 /* AnimationBootcamp.swift */; };
		843AD693298AD897009ECD03 /* TransitionBootcamp.swift in Sources */ = {isa = PBXBuildFile; fileRef = 843AD692298AD897009ECD03 /* TransitionBootcamp.swift */; };
		843AD695298ADB44009ECD03 /* SheetBootcamp.swift in Sources */ = {isa = PBXBuildFile; fileRef = 843AD694298ADB44009ECD03 /* SheetBootcamp.swift */; };
		844D12F82988377100D2A67E /* InitializerBootcamp.swift in Sources */ = {isa = PBXBuildFile; fileRef = 844D12F72988377100D2A67E /* InitializerBootcamp.swift */; };
		844D12FA29883B8800D2A67E /* ForeachBootcamp.swift in Sources */ = {isa = PBXBuildFile; fileRef = 844D12F929883B8800D2A67E /* ForeachBootcamp.swift */; };
		844D12FC2988425000D2A67E /* ScrollViews.swift in Sources */ = {isa = PBXBuildFile; fileRef = 844D12FB2988425000D2A67E /* ScrollViews.swift */; };
		844D12FE298846F700D2A67E /* GridsBootcamp.swift in Sources */ = {isa = PBXBuildFile; fileRef = 844D12FD298846F700D2A67E /* GridsBootcamp.swift */; };
		844D130029884FE100D2A67E /* SafeAreaBootcamp.swift in Sources */ = {isa = PBXBuildFile; fileRef = 844D12FF29884FE100D2A67E /* SafeAreaBootcamp.swift */; };
		844D13022988537E00D2A67E /* ButtonBootcamp.swift in Sources */ = {isa = PBXBuildFile; fileRef = 844D13012988537E00D2A67E /* ButtonBootcamp.swift */; };
		844D1304298857F500D2A67E /* StateBootcamp.swift in Sources */ = {isa = PBXBuildFile; fileRef = 844D1303298857F500D2A67E /* StateBootcamp.swift */; };
		844D13062988613100D2A67E /* BindingBootcamp.swift in Sources */ = {isa = PBXBuildFile; fileRef = 844D13052988613100D2A67E /* BindingBootcamp.swift */; };
		84707BEA297D958F0035F4F7 /* IconsBootcamp.swift in Sources */ = {isa = PBXBuildFile; fileRef = 84707BE9297D958F0035F4F7 /* IconsBootcamp.swift */; };
		84707BEC297DBC550035F4F7 /* ImageBootcamp.swift in Sources */ = {isa = PBXBuildFile; fileRef = 84707BEB297DBC550035F4F7 /* ImageBootcamp.swift */; };
		84707BEE297DC00C0035F4F7 /* FrameBootcamp.swift in Sources */ = {isa = PBXBuildFile; fileRef = 84707BED297DC00C0035F4F7 /* FrameBootcamp.swift */; };
		84707BF0297DC46F0035F4F7 /* BackgroundBootcamp.swift in Sources */ = {isa = PBXBuildFile; fileRef = 84707BEF297DC46F0035F4F7 /* BackgroundBootcamp.swift */; };
		84707BF2297DC5D80035F4F7 /* OverlayBootcamp.swift in Sources */ = {isa = PBXBuildFile; fileRef = 84707BF1297DC5D80035F4F7 /* OverlayBootcamp.swift */; };
		84707BF429806B000035F4F7 /* StacksBootcamp.swift in Sources */ = {isa = PBXBuildFile; fileRef = 84707BF329806B000035F4F7 /* StacksBootcamp.swift */; };
		84707BF629806FC60035F4F7 /* PaddingAndSpacerBootcamp.swift in Sources */ = {isa = PBXBuildFile; fileRef = 84707BF529806FC60035F4F7 /* PaddingAndSpacerBootcamp.swift */; };
		84707BF82980727D0035F4F7 /* SpacerBootcamp.swift in Sources */ = {isa = PBXBuildFile; fileRef = 84707BF72980727D0035F4F7 /* SpacerBootcamp.swift */; };
		84C19326297C882300D62793 /* XcodeBootcampApp.swift in Sources */ = {isa = PBXBuildFile; fileRef = 84C19325297C882300D62793 /* XcodeBootcampApp.swift */; };
		84C19328297C882300D62793 /* ContentView.swift in Sources */ = {isa = PBXBuildFile; fileRef = 84C19327297C882300D62793 /* ContentView.swift */; };
		84C1932A297C882400D62793 /* Assets.xcassets in Resources */ = {isa = PBXBuildFile; fileRef = 84C19329297C882400D62793 /* Assets.xcassets */; };
		84C1932D297C882400D62793 /* Preview Assets.xcassets in Resources */ = {isa = PBXBuildFile; fileRef = 84C1932C297C882400D62793 /* Preview Assets.xcassets */; };
		84C19334297C8B1900D62793 /* TextBootcamp.swift in Sources */ = {isa = PBXBuildFile; fileRef = 84C19333297C8B1900D62793 /* TextBootcamp.swift */; };
		84C19338297C90FB00D62793 /* ShapesBootcamp.swift in Sources */ = {isa = PBXBuildFile; fileRef = 84C19337297C90FB00D62793 /* ShapesBootcamp.swift */; };
		84C1933A297C969B00D62793 /* ColorsBootcamp.swift in Sources */ = {isa = PBXBuildFile; fileRef = 84C19339297C969B00D62793 /* ColorsBootcamp.swift */; };
/* End PBXBuildFile section */

/* Begin PBXFileReference section */
		843AD68E298AD29B009ECD03 /* IfElseBootcamp.swift */ = {isa = PBXFileReference; lastKnownFileType = sourcecode.swift; path = IfElseBootcamp.swift; sourceTree = "<group>"; };
		843AD690298AD451009ECD03 /* AnimationBootcamp.swift */ = {isa = PBXFileReference; lastKnownFileType = sourcecode.swift; path = AnimationBootcamp.swift; sourceTree = "<group>"; };
		843AD692298AD897009ECD03 /* TransitionBootcamp.swift */ = {isa = PBXFileReference; lastKnownFileType = sourcecode.swift; path = TransitionBootcamp.swift; sourceTree = "<group>"; };
		843AD694298ADB44009ECD03 /* SheetBootcamp.swift */ = {isa = PBXFileReference; lastKnownFileType = sourcecode.swift; path = SheetBootcamp.swift; sourceTree = "<group>"; };
		844D12F72988377100D2A67E /* InitializerBootcamp.swift */ = {isa = PBXFileReference; lastKnownFileType = sourcecode.swift; path = InitializerBootcamp.swift; sourceTree = "<group>"; };
		844D12F929883B8800D2A67E /* ForeachBootcamp.swift */ = {isa = PBXFileReference; lastKnownFileType = sourcecode.swift; path = ForeachBootcamp.swift; sourceTree = "<group>"; };
		844D12FB2988425000D2A67E /* ScrollViews.swift */ = {isa = PBXFileReference; lastKnownFileType = sourcecode.swift; path = ScrollViews.swift; sourceTree = "<group>"; };
		844D12FD298846F700D2A67E /* GridsBootcamp.swift */ = {isa = PBXFileReference; lastKnownFileType = sourcecode.swift; path = GridsBootcamp.swift; sourceTree = "<group>"; };
		844D12FF29884FE100D2A67E /* SafeAreaBootcamp.swift */ = {isa = PBXFileReference; lastKnownFileType = sourcecode.swift; path = SafeAreaBootcamp.swift; sourceTree = "<group>"; };
		844D13012988537E00D2A67E /* ButtonBootcamp.swift */ = {isa = PBXFileReference; lastKnownFileType = sourcecode.swift; path = ButtonBootcamp.swift; sourceTree = "<group>"; };
		844D1303298857F500D2A67E /* StateBootcamp.swift */ = {isa = PBXFileReference; lastKnownFileType = sourcecode.swift; path = StateBootcamp.swift; sourceTree = "<group>"; };
		844D13052988613100D2A67E /* BindingBootcamp.swift */ = {isa = PBXFileReference; lastKnownFileType = sourcecode.swift; path = BindingBootcamp.swift; sourceTree = "<group>"; };
		84707BE9297D958F0035F4F7 /* IconsBootcamp.swift */ = {isa = PBXFileReference; lastKnownFileType = sourcecode.swift; path = IconsBootcamp.swift; sourceTree = "<group>"; };
		84707BEB297DBC550035F4F7 /* ImageBootcamp.swift */ = {isa = PBXFileReference; lastKnownFileType = sourcecode.swift; path = ImageBootcamp.swift; sourceTree = "<group>"; };
		84707BED297DC00C0035F4F7 /* FrameBootcamp.swift */ = {isa = PBXFileReference; lastKnownFileType = sourcecode.swift; path = FrameBootcamp.swift; sourceTree = "<group>"; };
		84707BEF297DC46F0035F4F7 /* BackgroundBootcamp.swift */ = {isa = PBXFileReference; lastKnownFileType = sourcecode.swift; path = BackgroundBootcamp.swift; sourceTree = "<group>"; };
		84707BF1297DC5D80035F4F7 /* OverlayBootcamp.swift */ = {isa = PBXFileReference; lastKnownFileType = sourcecode.swift; path = OverlayBootcamp.swift; sourceTree = "<group>"; };
		84707BF329806B000035F4F7 /* StacksBootcamp.swift */ = {isa = PBXFileReference; lastKnownFileType = sourcecode.swift; path = StacksBootcamp.swift; sourceTree = "<group>"; };
		84707BF529806FC60035F4F7 /* PaddingAndSpacerBootcamp.swift */ = {isa = PBXFileReference; lastKnownFileType = sourcecode.swift; path = PaddingAndSpacerBootcamp.swift; sourceTree = "<group>"; };
		84707BF72980727D0035F4F7 /* SpacerBootcamp.swift */ = {isa = PBXFileReference; lastKnownFileType = sourcecode.swift; path = SpacerBootcamp.swift; sourceTree = "<group>"; };
		84C19322297C882300D62793 /* XcodeBootcamp.app */ = {isa = PBXFileReference; explicitFileType = wrapper.application; includeInIndex = 0; path = XcodeBootcamp.app; sourceTree = BUILT_PRODUCTS_DIR; };
		84C19325297C882300D62793 /* XcodeBootcampApp.swift */ = {isa = PBXFileReference; lastKnownFileType = sourcecode.swift; path = XcodeBootcampApp.swift; sourceTree = "<group>"; };
		84C19327297C882300D62793 /* ContentView.swift */ = {isa = PBXFileReference; lastKnownFileType = sourcecode.swift; path = ContentView.swift; sourceTree = "<group>"; };
		84C19329297C882400D62793 /* Assets.xcassets */ = {isa = PBXFileReference; lastKnownFileType = folder.assetcatalog; path = Assets.xcassets; sourceTree = "<group>"; };
		84C1932C297C882400D62793 /* Preview Assets.xcassets */ = {isa = PBXFileReference; lastKnownFileType = folder.assetcatalog; path = "Preview Assets.xcassets"; sourceTree = "<group>"; };
		84C19333297C8B1900D62793 /* TextBootcamp.swift */ = {isa = PBXFileReference; lastKnownFileType = sourcecode.swift; path = TextBootcamp.swift; sourceTree = "<group>"; };
		84C19337297C90FB00D62793 /* ShapesBootcamp.swift */ = {isa = PBXFileReference; lastKnownFileType = sourcecode.swift; path = ShapesBootcamp.swift; sourceTree = "<group>"; };
		84C19339297C969B00D62793 /* ColorsBootcamp.swift */ = {isa = PBXFileReference; lastKnownFileType = sourcecode.swift; path = ColorsBootcamp.swift; sourceTree = "<group>"; };
/* End PBXFileReference section */

/* Begin PBXFrameworksBuildPhase section */
		84C1931F297C882300D62793 /* Frameworks */ = {
			isa = PBXFrameworksBuildPhase;
			buildActionMask = 2147483647;
			files = (
			);
			runOnlyForDeploymentPostprocessing = 0;
		};
/* End PBXFrameworksBuildPhase section */

/* Begin PBXGroup section */
		84C19319297C882300D62793 = {
			isa = PBXGroup;
			children = (
				84C19324297C882300D62793 /* XcodeBootcamp */,
				84C19323297C882300D62793 /* Products */,
			);
			sourceTree = "<group>";
		};
		84C19323297C882300D62793 /* Products */ = {
			isa = PBXGroup;
			children = (
				84C19322297C882300D62793 /* XcodeBootcamp.app */,
			);
			name = Products;
			sourceTree = "<group>";
		};
		84C19324297C882300D62793 /* XcodeBootcamp */ = {
			isa = PBXGroup;
			children = (
				84C19325297C882300D62793 /* XcodeBootcampApp.swift */,
				84C19337297C90FB00D62793 /* ShapesBootcamp.swift */,
				84C19339297C969B00D62793 /* ColorsBootcamp.swift */,
				84707BED297DC00C0035F4F7 /* FrameBootcamp.swift */,
				844D12FB2988425000D2A67E /* ScrollViews.swift */,
				84707BF529806FC60035F4F7 /* PaddingAndSpacerBootcamp.swift */,
				844D13012988537E00D2A67E /* ButtonBootcamp.swift */,
				843AD68E298AD29B009ECD03 /* IfElseBootcamp.swift */,
				844D12F929883B8800D2A67E /* ForeachBootcamp.swift */,
				844D1303298857F500D2A67E /* StateBootcamp.swift */,
				843AD694298ADB44009ECD03 /* SheetBootcamp.swift */,
				843AD690298AD451009ECD03 /* AnimationBootcamp.swift */,
				843AD692298AD897009ECD03 /* TransitionBootcamp.swift */,
				84707BF329806B000035F4F7 /* StacksBootcamp.swift */,
				844D13052988613100D2A67E /* BindingBootcamp.swift */,
				844D12FF29884FE100D2A67E /* SafeAreaBootcamp.swift */,
				84707BF72980727D0035F4F7 /* SpacerBootcamp.swift */,
				84707BEF297DC46F0035F4F7 /* BackgroundBootcamp.swift */,
				844D12FD298846F700D2A67E /* GridsBootcamp.swift */,
				844D12F72988377100D2A67E /* InitializerBootcamp.swift */,
				84707BE9297D958F0035F4F7 /* IconsBootcamp.swift */,
				84C19333297C8B1900D62793 /* TextBootcamp.swift */,
				84707BF1297DC5D80035F4F7 /* OverlayBootcamp.swift */,
				84707BEB297DBC550035F4F7 /* ImageBootcamp.swift */,
				84C19327297C882300D62793 /* ContentView.swift */,
				84C19329297C882400D62793 /* Assets.xcassets */,
				84C1932B297C882400D62793 /* Preview Content */,
			);
			path = XcodeBootcamp;
			sourceTree = "<group>";
		};
		84C1932B297C882400D62793 /* Preview Content */ = {
			isa = PBXGroup;
			children = (
				84C1932C297C882400D62793 /* Preview Assets.xcassets */,
			);
			path = "Preview Content";
			sourceTree = "<group>";
		};
/* End PBXGroup section */

/* Begin PBXNativeTarget section */
		84C19321297C882300D62793 /* XcodeBootcamp */ = {
			isa = PBXNativeTarget;
			buildConfigurationList = 84C19330297C882400D62793 /* Build configuration list for PBXNativeTarget "XcodeBootcamp" */;
			buildPhases = (
				84C1931E297C882300D62793 /* Sources */,
				84C1931F297C882300D62793 /* Frameworks */,
				84C19320297C882300D62793 /* Resources */,
			);
			buildRules = (
			);
			dependencies = (
			);
			name = XcodeBootcamp;
			productName = XcodeBootcamp;
			productReference = 84C19322297C882300D62793 /* XcodeBootcamp.app */;
			productType = "com.apple.product-type.application";
		};
/* End PBXNativeTarget section */

/* Begin PBXProject section */
		84C1931A297C882300D62793 /* Project object */ = {
			isa = PBXProject;
			attributes = {
				BuildIndependentTargetsInParallel = 1;
				LastSwiftUpdateCheck = 1400;
				LastUpgradeCheck = 1400;
				TargetAttributes = {
					84C19321297C882300D62793 = {
						CreatedOnToolsVersion = 14.0.1;
					};
				};
			};
			buildConfigurationList = 84C1931D297C882300D62793 /* Build configuration list for PBXProject "XcodeBootcamp" */;
			compatibilityVersion = "Xcode 14.0";
			developmentRegion = en;
			hasScannedForEncodings = 0;
			knownRegions = (
				en,
				Base,
			);
			mainGroup = 84C19319297C882300D62793;
			productRefGroup = 84C19323297C882300D62793 /* Products */;
			projectDirPath = "";
			projectRoot = "";
			targets = (
				84C19321297C882300D62793 /* XcodeBootcamp */,
			);
		};
/* End PBXProject section */

/* Begin PBXResourcesBuildPhase section */
		84C19320297C882300D62793 /* Resources */ = {
			isa = PBXResourcesBuildPhase;
			buildActionMask = 2147483647;
			files = (
				84C1932D297C882400D62793 /* Preview Assets.xcassets in Resources */,
				84C1932A297C882400D62793 /* Assets.xcassets in Resources */,
			);
			runOnlyForDeploymentPostprocessing = 0;
		};
/* End PBXResourcesBuildPhase section */

/* Begin PBXSourcesBuildPhase section */
		84C1931E297C882300D62793 /* Sources */ = {
			isa = PBXSourcesBuildPhase;
			buildActionMask = 2147483647;
			files = (
				844D1304298857F500D2A67E /* StateBootcamp.swift in Sources */,
				844D13062988613100D2A67E /* BindingBootcamp.swift in Sources */,
				84C1933A297C969B00D62793 /* ColorsBootcamp.swift in Sources */,
				843AD693298AD897009ECD03 /* TransitionBootcamp.swift in Sources */,
				84C19338297C90FB00D62793 /* ShapesBootcamp.swift in Sources */,
				84707BF629806FC60035F4F7 /* PaddingAndSpacerBootcamp.swift in Sources */,
				84C19328297C882300D62793 /* ContentView.swift in Sources */,
				84707BEC297DBC550035F4F7 /* ImageBootcamp.swift in Sources */,
				844D12FA29883B8800D2A67E /* ForeachBootcamp.swift in Sources */,
				843AD695298ADB44009ECD03 /* SheetBootcamp.swift in Sources */,
				844D12FE298846F700D2A67E /* GridsBootcamp.swift in Sources */,
				844D12F82988377100D2A67E /* InitializerBootcamp.swift in Sources */,
				844D130029884FE100D2A67E /* SafeAreaBootcamp.swift in Sources */,
				84707BF0297DC46F0035F4F7 /* BackgroundBootcamp.swift in Sources */,
				843AD691298AD451009ECD03 /* AnimationBootcamp.swift in Sources */,
				84707BF2297DC5D80035F4F7 /* OverlayBootcamp.swift in Sources */,
				844D13022988537E00D2A67E /* ButtonBootcamp.swift in Sources */,
				843AD68F298AD29B009ECD03 /* IfElseBootcamp.swift in Sources */,
				844D12FC2988425000D2A67E /* ScrollViews.swift in Sources */,
				84707BEA297D958F0035F4F7 /* IconsBootcamp.swift in Sources */,
				84C19334297C8B1900D62793 /* TextBootcamp.swift in Sources */,
				84707BF429806B000035F4F7 /* StacksBootcamp.swift in Sources */,
				84707BF82980727D0035F4F7 /* SpacerBootcamp.swift in Sources */,
				84707BEE297DC00C0035F4F7 /* FrameBootcamp.swift in Sources */,
				84C19326297C882300D62793 /* XcodeBootcampApp.swift in Sources */,
			);
			runOnlyForDeploymentPostprocessing = 0;
		};
/* End PBXSourcesBuildPhase section */

/* Begin XCBuildConfiguration section */
		84C1932E297C882400D62793 /* Debug */ = {
			isa = XCBuildConfiguration;
			buildSettings = {
				ALWAYS_SEARCH_USER_PATHS = NO;
				CLANG_ANALYZER_NONNULL = YES;
				CLANG_ANALYZER_NUMBER_OBJECT_CONVERSION = YES_AGGRESSIVE;
				CLANG_CXX_LANGUAGE_STANDARD = "gnu++20";
				CLANG_ENABLE_MODULES = YES;
				CLANG_ENABLE_OBJC_ARC = YES;
				CLANG_ENABLE_OBJC_WEAK = YES;
				CLANG_WARN_BLOCK_CAPTURE_AUTORELEASING = YES;
				CLANG_WARN_BOOL_CONVERSION = YES;
				CLANG_WARN_COMMA = YES;
				CLANG_WARN_CONSTANT_CONVERSION = YES;
				CLANG_WARN_DEPRECATED_OBJC_IMPLEMENTATIONS = YES;
				CLANG_WARN_DIRECT_OBJC_ISA_USAGE = YES_ERROR;
				CLANG_WARN_DOCUMENTATION_COMMENTS = YES;
				CLANG_WARN_EMPTY_BODY = YES;
				CLANG_WARN_ENUM_CONVERSION = YES;
				CLANG_WARN_INFINITE_RECURSION = YES;
				CLANG_WARN_INT_CONVERSION = YES;
				CLANG_WARN_NON_LITERAL_NULL_CONVERSION = YES;
				CLANG_WARN_OBJC_IMPLICIT_RETAIN_SELF = YES;
				CLANG_WARN_OBJC_LITERAL_CONVERSION = YES;
				CLANG_WARN_OBJC_ROOT_CLASS = YES_ERROR;
				CLANG_WARN_QUOTED_INCLUDE_IN_FRAMEWORK_HEADER = YES;
				CLANG_WARN_RANGE_LOOP_ANALYSIS = YES;
				CLANG_WARN_STRICT_PROTOTYPES = YES;
				CLANG_WARN_SUSPICIOUS_MOVE = YES;
				CLANG_WARN_UNGUARDED_AVAILABILITY = YES_AGGRESSIVE;
				CLANG_WARN_UNREACHABLE_CODE = YES;
				CLANG_WARN__DUPLICATE_METHOD_MATCH = YES;
				COPY_PHASE_STRIP = NO;
				DEBUG_INFORMATION_FORMAT = dwarf;
				ENABLE_STRICT_OBJC_MSGSEND = YES;
				ENABLE_TESTABILITY = YES;
				GCC_C_LANGUAGE_STANDARD = gnu11;
				GCC_DYNAMIC_NO_PIC = NO;
				GCC_NO_COMMON_BLOCKS = YES;
				GCC_OPTIMIZATION_LEVEL = 0;
				GCC_PREPROCESSOR_DEFINITIONS = (
					"DEBUG=1",
					"$(inherited)",
				);
				GCC_WARN_64_TO_32_BIT_CONVERSION = YES;
				GCC_WARN_ABOUT_RETURN_TYPE = YES_ERROR;
				GCC_WARN_UNDECLARED_SELECTOR = YES;
				GCC_WARN_UNINITIALIZED_AUTOS = YES_AGGRESSIVE;
				GCC_WARN_UNUSED_FUNCTION = YES;
				GCC_WARN_UNUSED_VARIABLE = YES;
				IPHONEOS_DEPLOYMENT_TARGET = 16.0;
				MTL_ENABLE_DEBUG_INFO = INCLUDE_SOURCE;
				MTL_FAST_MATH = YES;
				ONLY_ACTIVE_ARCH = YES;
				SDKROOT = iphoneos;
				SWIFT_ACTIVE_COMPILATION_CONDITIONS = DEBUG;
				SWIFT_OPTIMIZATION_LEVEL = "-Onone";
			};
			name = Debug;
		};
		84C1932F297C882400D62793 /* Release */ = {
			isa = XCBuildConfiguration;
			buildSettings = {
				ALWAYS_SEARCH_USER_PATHS = NO;
				CLANG_ANALYZER_NONNULL = YES;
				CLANG_ANALYZER_NUMBER_OBJECT_CONVERSION = YES_AGGRESSIVE;
				CLANG_CXX_LANGUAGE_STANDARD = "gnu++20";
				CLANG_ENABLE_MODULES = YES;
				CLANG_ENABLE_OBJC_ARC = YES;
				CLANG_ENABLE_OBJC_WEAK = YES;
				CLANG_WARN_BLOCK_CAPTURE_AUTORELEASING = YES;
				CLANG_WARN_BOOL_CONVERSION = YES;
				CLANG_WARN_COMMA = YES;
				CLANG_WARN_CONSTANT_CONVERSION = YES;
				CLANG_WARN_DEPRECATED_OBJC_IMPLEMENTATIONS = YES;
				CLANG_WARN_DIRECT_OBJC_ISA_USAGE = YES_ERROR;
				CLANG_WARN_DOCUMENTATION_COMMENTS = YES;
				CLANG_WARN_EMPTY_BODY = YES;
				CLANG_WARN_ENUM_CONVERSION = YES;
				CLANG_WARN_INFINITE_RECURSION = YES;
				CLANG_WARN_INT_CONVERSION = YES;
				CLANG_WARN_NON_LITERAL_NULL_CONVERSION = YES;
				CLANG_WARN_OBJC_IMPLICIT_RETAIN_SELF = YES;
				CLANG_WARN_OBJC_LITERAL_CONVERSION = YES;
				CLANG_WARN_OBJC_ROOT_CLASS = YES_ERROR;
				CLANG_WARN_QUOTED_INCLUDE_IN_FRAMEWORK_HEADER = YES;
				CLANG_WARN_RANGE_LOOP_ANALYSIS = YES;
				CLANG_WARN_STRICT_PROTOTYPES = YES;
				CLANG_WARN_SUSPICIOUS_MOVE = YES;
				CLANG_WARN_UNGUARDED_AVAILABILITY = YES_AGGRESSIVE;
				CLANG_WARN_UNREACHABLE_CODE = YES;
				CLANG_WARN__DUPLICATE_METHOD_MATCH = YES;
				COPY_PHASE_STRIP = NO;
				DEBUG_INFORMATION_FORMAT = "dwarf-with-dsym";
				ENABLE_NS_ASSERTIONS = NO;
				ENABLE_STRICT_OBJC_MSGSEND = YES;
				GCC_C_LANGUAGE_STANDARD = gnu11;
				GCC_NO_COMMON_BLOCKS = YES;
				GCC_WARN_64_TO_32_BIT_CONVERSION = YES;
				GCC_WARN_ABOUT_RETURN_TYPE = YES_ERROR;
				GCC_WARN_UNDECLARED_SELECTOR = YES;
				GCC_WARN_UNINITIALIZED_AUTOS = YES_AGGRESSIVE;
				GCC_WARN_UNUSED_FUNCTION = YES;
				GCC_WARN_UNUSED_VARIABLE = YES;
				IPHONEOS_DEPLOYMENT_TARGET = 16.0;
				MTL_ENABLE_DEBUG_INFO = NO;
				MTL_FAST_MATH = YES;
				SDKROOT = iphoneos;
				SWIFT_COMPILATION_MODE = wholemodule;
				SWIFT_OPTIMIZATION_LEVEL = "-O";
				VALIDATE_PRODUCT = YES;
			};
			name = Release;
		};
		84C19331297C882400D62793 /* Debug */ = {
			isa = XCBuildConfiguration;
			buildSettings = {
				ASSETCATALOG_COMPILER_APPICON_NAME = AppIcon;
				ASSETCATALOG_COMPILER_GLOBAL_ACCENT_COLOR_NAME = AccentColor;
				CODE_SIGN_STYLE = Automatic;
				CURRENT_PROJECT_VERSION = 1;
				DEVELOPMENT_ASSET_PATHS = "\"XcodeBootcamp/Preview Content\"";
				ENABLE_PREVIEWS = YES;
				GENERATE_INFOPLIST_FILE = YES;
				INFOPLIST_KEY_UIApplicationSceneManifest_Generation = YES;
				INFOPLIST_KEY_UIApplicationSupportsIndirectInputEvents = YES;
				INFOPLIST_KEY_UILaunchScreen_Generation = YES;
				INFOPLIST_KEY_UISupportedInterfaceOrientations_iPad = "UIInterfaceOrientationPortrait UIInterfaceOrientationPortraitUpsideDown UIInterfaceOrientationLandscapeLeft UIInterfaceOrientationLandscapeRight";
				INFOPLIST_KEY_UISupportedInterfaceOrientations_iPhone = "UIInterfaceOrientationPortrait UIInterfaceOrientationLandscapeLeft UIInterfaceOrientationLandscapeRight";
				LD_RUNPATH_SEARCH_PATHS = (
					"$(inherited)",
					"@executable_path/Frameworks",
				);
				MARKETING_VERSION = 1.0;
				PRODUCT_BUNDLE_IDENTIFIER = me.emrullah.demir.XcodeBootcamp;
				PRODUCT_NAME = "$(TARGET_NAME)";
				SWIFT_EMIT_LOC_STRINGS = YES;
				SWIFT_VERSION = 5.0;
				TARGETED_DEVICE_FAMILY = "1,2";
			};
			name = Debug;
		};
		84C19332297C882400D62793 /* Release */ = {
			isa = XCBuildConfiguration;
			buildSettings = {
				ASSETCATALOG_COMPILER_APPICON_NAME = AppIcon;
				ASSETCATALOG_COMPILER_GLOBAL_ACCENT_COLOR_NAME = AccentColor;
				CODE_SIGN_STYLE = Automatic;
				CURRENT_PROJECT_VERSION = 1;
				DEVELOPMENT_ASSET_PATHS = "\"XcodeBootcamp/Preview Content\"";
				ENABLE_PREVIEWS = YES;
				GENERATE_INFOPLIST_FILE = YES;
				INFOPLIST_KEY_UIApplicationSceneManifest_Generation = YES;
				INFOPLIST_KEY_UIApplicationSupportsIndirectInputEvents = YES;
				INFOPLIST_KEY_UILaunchScreen_Generation = YES;
				INFOPLIST_KEY_UISupportedInterfaceOrientations_iPad = "UIInterfaceOrientationPortrait UIInterfaceOrientationPortraitUpsideDown UIInterfaceOrientationLandscapeLeft UIInterfaceOrientationLandscapeRight";
				INFOPLIST_KEY_UISupportedInterfaceOrientations_iPhone = "UIInterfaceOrientationPortrait UIInterfaceOrientationLandscapeLeft UIInterfaceOrientationLandscapeRight";
				LD_RUNPATH_SEARCH_PATHS = (
					"$(inherited)",
					"@executable_path/Frameworks",
				);
				MARKETING_VERSION = 1.0;
				PRODUCT_BUNDLE_IDENTIFIER = me.emrullah.demir.XcodeBootcamp;
				PRODUCT_NAME = "$(TARGET_NAME)";
				SWIFT_EMIT_LOC_STRINGS = YES;
				SWIFT_VERSION = 5.0;
				TARGETED_DEVICE_FAMILY = "1,2";
			};
			name = Release;
		};
/* End XCBuildConfiguration section */

/* Begin XCConfigurationList section */
		84C1931D297C882300D62793 /* Build configuration list for PBXProject "XcodeBootcamp" */ = {
			isa = XCConfigurationList;
			buildConfigurations = (
				84C1932E297C882400D62793 /* Debug */,
				84C1932F297C882400D62793 /* Release */,
			);
			defaultConfigurationIsVisible = 0;
			defaultConfigurationName = Release;
		};
		84C19330297C882400D62793 /* Build configuration list for PBXNativeTarget "XcodeBootcamp" */ = {
			isa = XCConfigurationList;
			buildConfigurations = (
				84C19331297C882400D62793 /* Debug */,
				84C19332297C882400D62793 /* Release */,
			);
			defaultConfigurationIsVisible = 0;
			defaultConfigurationName = Release;
		};
/* End XCConfigurationList section */
	};
	rootObject = 84C1931A297C882300D62793 /* Project object */;
}
